{
  "name": "client",
  "lockfileVersion": 2,
  "requires": true,
  "packages": {
    "": {
      "dependencies": {
        "bencode": "2.0"
      }
    },
    "node_modules/bencode": {
      "version": "2.0.3",
      "resolved": "https://registry.npmjs.org/bencode/-/bencode-2.0.3.tgz",
      "integrity": "sha512-D/vrAD4dLVX23NalHwb8dSvsUsxeRPO8Y7ToKA015JQYq69MLDOMkC0uGZYA/MPpltLO8rt8eqFC2j8DxjTZ/w=="
    }
  },
  "dependencies": {
    "bencode": {
      "version": "2.0.3",
      "resolved": "https://registry.npmjs.org/bencode/-/bencode-2.0.3.tgz",
      "integrity": "sha512-D/vrAD4dLVX23NalHwb8dSvsUsxeRPO8Y7ToKA015JQYq69MLDOMkC0uGZYA/MPpltLO8rt8eqFC2j8DxjTZ/w=="
    }
  }
}
